{
  "name": "InventoryAppFinal-1",
  "lockfileVersion": 2,
  "requires": true,
  "packages": {
    "": {
      "dependencies": {
        "npm-buildpack": "^0.1.10"
      }
    },
    "node_modules/npm-buildpack": {
      "version": "0.1.10",
      "resolved": "https://registry.npmjs.org/npm-buildpack/-/npm-buildpack-0.1.10.tgz",
      "integrity": "sha512-oo3Qe139gwdFP8QOnfAIvIHr8b728HNb8ekrP8O+O5IcUt5M/Ec0EIc1NPZQUCVnifE1YXyfcEVEyirsM2A0vQ==",
      "bin": {
        "npm-buildpack": "npm-buildpack.sh"
      }
    }
  },
  "dependencies": {
    "npm-buildpack": {
      "version": "0.1.10",
      "resolved": "https://registry.npmjs.org/npm-buildpack/-/npm-buildpack-0.1.10.tgz",
      "integrity": "sha512-oo3Qe139gwdFP8QOnfAIvIHr8b728HNb8ekrP8O+O5IcUt5M/Ec0EIc1NPZQUCVnifE1YXyfcEVEyirsM2A0vQ=="
    }
  }
}
